
Microsoft Visual Studio Solution File, Format Version 12.00
# Visual Studio 15
VisualStudioVersion = 15.0.27130.2010
MinimumVisualStudioVersion = 10.0.40219.1
Project("{FAE04EC0-301F-11D3-BF4B-00C04F79EFBC}") = "Ixq.Soft.Web", "Ixq.Soft.Web\Ixq.Soft.Web.csproj", "{8E18D2CE-883E-4C2A-9460-049721DCEAA4}"
EndProject
Project("{FAE04EC0-301F-11D3-BF4B-00C04F79EFBC}") = "Ixq.Soft.WebApi", "Ixq.Soft.WebApi\Ixq.Soft.WebApi.csproj", "{B878641B-1425-47B8-A928-80EF708A22F7}"
EndProject
Project("{FAE04EC0-301F-11D3-BF4B-00C04F79EFBC}") = "Ixq.Soft.Entities", "Ixq.Soft.Entities\Ixq.Soft.Entities.csproj", "{9CC708A6-95A4-4C08-AC37-30254D6A794A}"
EndProject
Project("{FAE04EC0-301F-11D3-BF4B-00C04F79EFBC}") = "Ixq.Soft.DataContext", "Ixq.Soft.DataContext\Ixq.Soft.DataContext.csproj", "{B6DCABAE-6F02-427B-8C34-DF6F0E1B7610}"
EndProject
Project("{FAE04EC0-301F-11D3-BF4B-00C04F79EFBC}") = "Ixq.Soft.Models", "Ixq.Soft.Models\Ixq.Soft.Models.csproj", "{65F99A52-0042-4D57-95A5-189586360087}"
EndProject
Project("{FAE04EC0-301F-11D3-BF4B-00C04F79EFBC}") = "Ixq.Soft.Core", "Ixq.Soft.Core\Ixq.Soft.Core.csproj", "{057AB31E-BECA-4807-9744-BA3A9AD3E85D}"
EndProject
Project("{FAE04EC0-301F-11D3-BF4B-00C04F79EFBC}") = "Ixq.Soft.Utility", "Ixq.Soft.Utility\Ixq.Soft.Utility.csproj", "{A9E91F4E-28D0-4402-A965-1F54BA0042C7}"
EndProject
Project("{FAE04EC0-301F-11D3-BF4B-00C04F79EFBC}") = "Ixq.Soft.Repository", "Ixq.Soft.Repository\Ixq.Soft.Repository.csproj", "{955248CC-4DD6-45E2-BF37-08046B1A5178}"
EndProject
Project("{FAE04EC0-301F-11D3-BF4B-00C04F79EFBC}") = "Ixq.Soft.Core.Tests", "Ixq.Soft.Core.Tests\Ixq.Soft.Core.Tests.csproj", "{561E5CE9-35E2-4A7D-B5BB-DCB59BE19277}"
EndProject
Project("{FAE04EC0-301F-11D3-BF4B-00C04F79EFBC}") = "Ixq.Soft.Web.Tests", "Ixq.Soft.Web.Tests\Ixq.Soft.Web.Tests.csproj", "{6F614FAC-B68C-4615-8EB3-1D5DE1F9F69E}"
EndProject
Project("{2150E333-8FDC-42A3-9474-1A3956D46DE8}") = "测试", "测试", "{DC569CAD-F542-41AE-8F6B-BAE181BBB019}"
EndProject
Project("{FAE04EC0-301F-11D3-BF4B-00C04F79EFBC}") = "Ixq.Soft.Service", "Ixq.Soft.Service\Ixq.Soft.Service.csproj", "{A3B71FC3-CF11-4D67-8CFD-8C495E2A069D}"
EndProject
Project("{FAE04EC0-301F-11D3-BF4B-00C04F79EFBC}") = "Ixq.Soft.Service.Tests", "Ixq.Soft.Service.Tests\Ixq.Soft.Service.Tests.csproj", "{18268474-F578-4D7A-A9F3-62E1A344DB28}"
EndProject
Global
	GlobalSection(SolutionConfigurationPlatforms) = preSolution
		Debug|Any CPU = Debug|Any CPU
		Release|Any CPU = Release|Any CPU
	EndGlobalSection
	GlobalSection(ProjectConfigurationPlatforms) = postSolution
		{8E18D2CE-883E-4C2A-9460-049721DCEAA4}.Debug|Any CPU.ActiveCfg = Debug|Any CPU
		{8E18D2CE-883E-4C2A-9460-049721DCEAA4}.Debug|Any CPU.Build.0 = Debug|Any CPU
		{8E18D2CE-883E-4C2A-9460-049721DCEAA4}.Release|Any CPU.ActiveCfg = Release|Any CPU
		{8E18D2CE-883E-4C2A-9460-049721DCEAA4}.Release|Any CPU.Build.0 = Release|Any CPU
		{B878641B-1425-47B8-A928-80EF708A22F7}.Debug|Any CPU.ActiveCfg = Debug|Any CPU
		{B878641B-1425-47B8-A928-80EF708A22F7}.Debug|Any CPU.Build.0 = Debug|Any CPU
		{B878641B-1425-47B8-A928-80EF708A22F7}.Release|Any CPU.ActiveCfg = Release|Any CPU
		{B878641B-1425-47B8-A928-80EF708A22F7}.Release|Any CPU.Build.0 = Release|Any CPU
		{9CC708A6-95A4-4C08-AC37-30254D6A794A}.Debug|Any CPU.ActiveCfg = Debug|Any CPU
		{9CC708A6-95A4-4C08-AC37-30254D6A794A}.Debug|Any CPU.Build.0 = Debug|Any CPU
		{9CC708A6-95A4-4C08-AC37-30254D6A794A}.Release|Any CPU.ActiveCfg = Release|Any CPU
		{9CC708A6-95A4-4C08-AC37-30254D6A794A}.Release|Any CPU.Build.0 = Release|Any CPU
		{B6DCABAE-6F02-427B-8C34-DF6F0E1B7610}.Debug|Any CPU.ActiveCfg = Debug|Any CPU
		{B6DCABAE-6F02-427B-8C34-DF6F0E1B7610}.Debug|Any CPU.Build.0 = Debug|Any CPU
		{B6DCABAE-6F02-427B-8C34-DF6F0E1B7610}.Release|Any CPU.ActiveCfg = Release|Any CPU
		{B6DCABAE-6F02-427B-8C34-DF6F0E1B7610}.Release|Any CPU.Build.0 = Release|Any CPU
		{65F99A52-0042-4D57-95A5-189586360087}.Debug|Any CPU.ActiveCfg = Debug|Any CPU
		{65F99A52-0042-4D57-95A5-189586360087}.Debug|Any CPU.Build.0 = Debug|Any CPU
		{65F99A52-0042-4D57-95A5-189586360087}.Release|Any CPU.ActiveCfg = Release|Any CPU
		{65F99A52-0042-4D57-95A5-189586360087}.Release|Any CPU.Build.0 = Release|Any CPU
		{057AB31E-BECA-4807-9744-BA3A9AD3E85D}.Debug|Any CPU.ActiveCfg = Debug|Any CPU
		{057AB31E-BECA-4807-9744-BA3A9AD3E85D}.Debug|Any CPU.Build.0 = Debug|Any CPU
		{057AB31E-BECA-4807-9744-BA3A9AD3E85D}.Release|Any CPU.ActiveCfg = Release|Any CPU
		{057AB31E-BECA-4807-9744-BA3A9AD3E85D}.Release|Any CPU.Build.0 = Release|Any CPU
		{A9E91F4E-28D0-4402-A965-1F54BA0042C7}.Debug|Any CPU.ActiveCfg = Debug|Any CPU
		{A9E91F4E-28D0-4402-A965-1F54BA0042C7}.Debug|Any CPU.Build.0 = Debug|Any CPU
		{A9E91F4E-28D0-4402-A965-1F54BA0042C7}.Release|Any CPU.ActiveCfg = Release|Any CPU
		{A9E91F4E-28D0-4402-A965-1F54BA0042C7}.Release|Any CPU.Build.0 = Release|Any CPU
		{955248CC-4DD6-45E2-BF37-08046B1A5178}.Debug|Any CPU.ActiveCfg = Debug|Any CPU
		{955248CC-4DD6-45E2-BF37-08046B1A5178}.Debug|Any CPU.Build.0 = Debug|Any CPU
		{955248CC-4DD6-45E2-BF37-08046B1A5178}.Release|Any CPU.ActiveCfg = Release|Any CPU
		{955248CC-4DD6-45E2-BF37-08046B1A5178}.Release|Any CPU.Build.0 = Release|Any CPU
		{561E5CE9-35E2-4A7D-B5BB-DCB59BE19277}.Debug|Any CPU.ActiveCfg = Debug|Any CPU
		{561E5CE9-35E2-4A7D-B5BB-DCB59BE19277}.Debug|Any CPU.Build.0 = Debug|Any CPU
		{561E5CE9-35E2-4A7D-B5BB-DCB59BE19277}.Release|Any CPU.ActiveCfg = Release|Any CPU
		{561E5CE9-35E2-4A7D-B5BB-DCB59BE19277}.Release|Any CPU.Build.0 = Release|Any CPU
		{6F614FAC-B68C-4615-8EB3-1D5DE1F9F69E}.Debug|Any CPU.ActiveCfg = Debug|Any CPU
		{6F614FAC-B68C-4615-8EB3-1D5DE1F9F69E}.Debug|Any CPU.Build.0 = Debug|Any CPU
		{6F614FAC-B68C-4615-8EB3-1D5DE1F9F69E}.Release|Any CPU.ActiveCfg = Release|Any CPU
		{6F614FAC-B68C-4615-8EB3-1D5DE1F9F69E}.Release|Any CPU.Build.0 = Release|Any CPU
		{A3B71FC3-CF11-4D67-8CFD-8C495E2A069D}.Debug|Any CPU.ActiveCfg = Debug|Any CPU
		{A3B71FC3-CF11-4D67-8CFD-8C495E2A069D}.Debug|Any CPU.Build.0 = Debug|Any CPU
		{A3B71FC3-CF11-4D67-8CFD-8C495E2A069D}.Release|Any CPU.ActiveCfg = Release|Any CPU
		{A3B71FC3-CF11-4D67-8CFD-8C495E2A069D}.Release|Any CPU.Build.0 = Release|Any CPU
		{18268474-F578-4D7A-A9F3-62E1A344DB28}.Debug|Any CPU.ActiveCfg = Debug|Any CPU
		{18268474-F578-4D7A-A9F3-62E1A344DB28}.Debug|Any CPU.Build.0 = Debug|Any CPU
		{18268474-F578-4D7A-A9F3-62E1A344DB28}.Release|Any CPU.ActiveCfg = Release|Any CPU
		{18268474-F578-4D7A-A9F3-62E1A344DB28}.Release|Any CPU.Build.0 = Release|Any CPU
	EndGlobalSection
	GlobalSection(SolutionProperties) = preSolution
		HideSolutionNode = FALSE
	EndGlobalSection
	GlobalSection(NestedProjects) = preSolution
		{561E5CE9-35E2-4A7D-B5BB-DCB59BE19277} = {DC569CAD-F542-41AE-8F6B-BAE181BBB019}
		{6F614FAC-B68C-4615-8EB3-1D5DE1F9F69E} = {DC569CAD-F542-41AE-8F6B-BAE181BBB019}
		{18268474-F578-4D7A-A9F3-62E1A344DB28} = {DC569CAD-F542-41AE-8F6B-BAE181BBB019}
	EndGlobalSection
	GlobalSection(ExtensibilityGlobals) = postSolution
		SolutionGuid = {6DE2BC16-8057-4475-87E2-D89669583491}
	EndGlobalSection
EndGlobal
