
Microsoft Visual Studio Solution File, Format Version 12.00
# Visual Studio 15
VisualStudioVersion = 15.0.27130.2027
MinimumVisualStudioVersion = 10.0.40219.1
Project("{9A19103F-16F7-4668-BE54-9A1E7A4F7556}") = "Ixq.Soft.Core", "Ixq.Soft.Core\Ixq.Soft.Core.csproj", "{23C7062D-1D84-4CE3-B579-B2B63EA61AEB}"
EndProject
Project("{9A19103F-16F7-4668-BE54-9A1E7A4F7556}") = "Ixq.Soft.EntityFrameworkCore", "Ixq.Soft.EntityFrameworkCore\Ixq.Soft.EntityFrameworkCore.csproj", "{9B971CB4-2E5B-42DE-B44B-00A94167C9DB}"
EndProject
Project("{9A19103F-16F7-4668-BE54-9A1E7A4F7556}") = "Ixq.Soft.Services", "Ixq.Soft.Services\Ixq.Soft.Services.csproj", "{DB4F0AB0-11E7-4525-BA4D-46355F5C4728}"
EndProject
Project("{9A19103F-16F7-4668-BE54-9A1E7A4F7556}") = "Ixq.Soft.Mvc", "Ixq.Soft.Mvc\Ixq.Soft.Mvc.csproj", "{4E333688-DD6D-4E4C-85B9-893FC7EE7201}"
EndProject
Project("{9A19103F-16F7-4668-BE54-9A1E7A4F7556}") = "Ixq.Soft.Web", "Ixq.Soft.Web\Ixq.Soft.Web.csproj", "{5E8036EB-18AE-4ECA-928F-A74A73130FAF}"
EndProject
Project("{9A19103F-16F7-4668-BE54-9A1E7A4F7556}") = "Ixq.Soft.Core.Tests", "Ixq.Soft.Core.Tests\Ixq.Soft.Core.Tests.csproj", "{D7F27032-5224-4310-A464-B43FC5C37442}"
EndProject
Project("{9A19103F-16F7-4668-BE54-9A1E7A4F7556}") = "Ixq.Soft.Repository.Tests", "Ixq.Soft.Repository.Tests\Ixq.Soft.Repository.Tests.csproj", "{9EC08D8C-420C-4FCC-9B77-E4B11DD53975}"
EndProject
Project("{9A19103F-16F7-4668-BE54-9A1E7A4F7556}") = "Ixq.Soft.Services.Tests", "Ixq.Soft.Services.Tests\Ixq.Soft.Services.Tests.csproj", "{8B58734E-133A-4982-88BA-FAC2D2532C9B}"
EndProject
Project("{2150E333-8FDC-42A3-9474-1A3956D46DE8}") = "Tests", "Tests", "{0269242A-7B18-466D-86BC-A1DAD15724D4}"
EndProject
Project("{2150E333-8FDC-42A3-9474-1A3956D46DE8}") = "src", "src", "{A486EB79-0992-4EF2-83CF-57B08872DE71}"
EndProject
Global
	GlobalSection(SolutionConfigurationPlatforms) = preSolution
		Debug|Any CPU = Debug|Any CPU
		Release|Any CPU = Release|Any CPU
	EndGlobalSection
	GlobalSection(ProjectConfigurationPlatforms) = postSolution
		{23C7062D-1D84-4CE3-B579-B2B63EA61AEB}.Debug|Any CPU.ActiveCfg = Debug|Any CPU
		{23C7062D-1D84-4CE3-B579-B2B63EA61AEB}.Debug|Any CPU.Build.0 = Debug|Any CPU
		{23C7062D-1D84-4CE3-B579-B2B63EA61AEB}.Release|Any CPU.ActiveCfg = Release|Any CPU
		{23C7062D-1D84-4CE3-B579-B2B63EA61AEB}.Release|Any CPU.Build.0 = Release|Any CPU
		{9B971CB4-2E5B-42DE-B44B-00A94167C9DB}.Debug|Any CPU.ActiveCfg = Debug|Any CPU
		{9B971CB4-2E5B-42DE-B44B-00A94167C9DB}.Debug|Any CPU.Build.0 = Debug|Any CPU
		{9B971CB4-2E5B-42DE-B44B-00A94167C9DB}.Release|Any CPU.ActiveCfg = Release|Any CPU
		{9B971CB4-2E5B-42DE-B44B-00A94167C9DB}.Release|Any CPU.Build.0 = Release|Any CPU
		{DB4F0AB0-11E7-4525-BA4D-46355F5C4728}.Debug|Any CPU.ActiveCfg = Debug|Any CPU
		{DB4F0AB0-11E7-4525-BA4D-46355F5C4728}.Debug|Any CPU.Build.0 = Debug|Any CPU
		{DB4F0AB0-11E7-4525-BA4D-46355F5C4728}.Release|Any CPU.ActiveCfg = Release|Any CPU
		{DB4F0AB0-11E7-4525-BA4D-46355F5C4728}.Release|Any CPU.Build.0 = Release|Any CPU
		{4E333688-DD6D-4E4C-85B9-893FC7EE7201}.Debug|Any CPU.ActiveCfg = Debug|Any CPU
		{4E333688-DD6D-4E4C-85B9-893FC7EE7201}.Debug|Any CPU.Build.0 = Debug|Any CPU
		{4E333688-DD6D-4E4C-85B9-893FC7EE7201}.Release|Any CPU.ActiveCfg = Release|Any CPU
		{4E333688-DD6D-4E4C-85B9-893FC7EE7201}.Release|Any CPU.Build.0 = Release|Any CPU
		{5E8036EB-18AE-4ECA-928F-A74A73130FAF}.Debug|Any CPU.ActiveCfg = Debug|Any CPU
		{5E8036EB-18AE-4ECA-928F-A74A73130FAF}.Debug|Any CPU.Build.0 = Debug|Any CPU
		{5E8036EB-18AE-4ECA-928F-A74A73130FAF}.Release|Any CPU.ActiveCfg = Release|Any CPU
		{5E8036EB-18AE-4ECA-928F-A74A73130FAF}.Release|Any CPU.Build.0 = Release|Any CPU
		{D7F27032-5224-4310-A464-B43FC5C37442}.Debug|Any CPU.ActiveCfg = Debug|Any CPU
		{D7F27032-5224-4310-A464-B43FC5C37442}.Debug|Any CPU.Build.0 = Debug|Any CPU
		{D7F27032-5224-4310-A464-B43FC5C37442}.Release|Any CPU.ActiveCfg = Release|Any CPU
		{D7F27032-5224-4310-A464-B43FC5C37442}.Release|Any CPU.Build.0 = Release|Any CPU
		{9EC08D8C-420C-4FCC-9B77-E4B11DD53975}.Debug|Any CPU.ActiveCfg = Debug|Any CPU
		{9EC08D8C-420C-4FCC-9B77-E4B11DD53975}.Debug|Any CPU.Build.0 = Debug|Any CPU
		{9EC08D8C-420C-4FCC-9B77-E4B11DD53975}.Release|Any CPU.ActiveCfg = Release|Any CPU
		{9EC08D8C-420C-4FCC-9B77-E4B11DD53975}.Release|Any CPU.Build.0 = Release|Any CPU
		{8B58734E-133A-4982-88BA-FAC2D2532C9B}.Debug|Any CPU.ActiveCfg = Debug|Any CPU
		{8B58734E-133A-4982-88BA-FAC2D2532C9B}.Debug|Any CPU.Build.0 = Debug|Any CPU
		{8B58734E-133A-4982-88BA-FAC2D2532C9B}.Release|Any CPU.ActiveCfg = Release|Any CPU
		{8B58734E-133A-4982-88BA-FAC2D2532C9B}.Release|Any CPU.Build.0 = Release|Any CPU
	EndGlobalSection
	GlobalSection(SolutionProperties) = preSolution
		HideSolutionNode = FALSE
	EndGlobalSection
	GlobalSection(NestedProjects) = preSolution
		{23C7062D-1D84-4CE3-B579-B2B63EA61AEB} = {A486EB79-0992-4EF2-83CF-57B08872DE71}
		{9B971CB4-2E5B-42DE-B44B-00A94167C9DB} = {A486EB79-0992-4EF2-83CF-57B08872DE71}
		{DB4F0AB0-11E7-4525-BA4D-46355F5C4728} = {A486EB79-0992-4EF2-83CF-57B08872DE71}
		{4E333688-DD6D-4E4C-85B9-893FC7EE7201} = {A486EB79-0992-4EF2-83CF-57B08872DE71}
		{5E8036EB-18AE-4ECA-928F-A74A73130FAF} = {A486EB79-0992-4EF2-83CF-57B08872DE71}
		{D7F27032-5224-4310-A464-B43FC5C37442} = {0269242A-7B18-466D-86BC-A1DAD15724D4}
		{9EC08D8C-420C-4FCC-9B77-E4B11DD53975} = {0269242A-7B18-466D-86BC-A1DAD15724D4}
		{8B58734E-133A-4982-88BA-FAC2D2532C9B} = {0269242A-7B18-466D-86BC-A1DAD15724D4}
	EndGlobalSection
	GlobalSection(ExtensibilityGlobals) = postSolution
		SolutionGuid = {6DE2BC16-8057-4475-87E2-D89669583491}
	EndGlobalSection
EndGlobal
